
Microsoft Visual Studio Solution File, Format Version 12.00
# Visual Studio Version 17
VisualStudioVersion = 17.8.34330.188
MinimumVisualStudioVersion = 10.0.40219.1
Project("{9A19103F-16F7-4668-BE54-9A1E7A4F7556}") = "SuggestionAppUI", "SuggestionAppUI\SuggestionAppUI.csproj", "{3FDE9316-4D83-4A5E-849F-588089DC6E3D}"
EndProject
Project("{9A19103F-16F7-4668-BE54-9A1E7A4F7556}") = "SuggestionAppLibrary", "SuggestionAppLibrary\SuggestionAppLibrary.csproj", "{90435669-8FC0-4031-B888-BBFF17BB1133}"
EndProject
Global
	GlobalSection(SolutionConfigurationPlatforms) = preSolution
		Debug|Any CPU = Debug|Any CPU
		Release|Any CPU = Release|Any CPU
	EndGlobalSection
	GlobalSection(ProjectConfigurationPlatforms) = postSolution
		{3FDE9316-4D83-4A5E-849F-588089DC6E3D}.Debug|Any CPU.ActiveCfg = Debug|Any CPU
		{3FDE9316-4D83-4A5E-849F-588089DC6E3D}.Debug|Any CPU.Build.0 = Debug|Any CPU
		{3FDE9316-4D83-4A5E-849F-588089DC6E3D}.Release|Any CPU.ActiveCfg = Release|Any CPU
		{3FDE9316-4D83-4A5E-849F-588089DC6E3D}.Release|Any CPU.Build.0 = Release|Any CPU
		{90435669-8FC0-4031-B888-BBFF17BB1133}.Debug|Any CPU.ActiveCfg = Debug|Any CPU
		{90435669-8FC0-4031-B888-BBFF17BB1133}.Debug|Any CPU.Build.0 = Debug|Any CPU
		{90435669-8FC0-4031-B888-BBFF17BB1133}.Release|Any CPU.ActiveCfg = Release|Any CPU
		{90435669-8FC0-4031-B888-BBFF17BB1133}.Release|Any CPU.Build.0 = Release|Any CPU
	EndGlobalSection
	GlobalSection(SolutionProperties) = preSolution
		HideSolutionNode = FALSE
	EndGlobalSection
	GlobalSection(ExtensibilityGlobals) = postSolution
		SolutionGuid = {C0EBA271-DFC5-4452-B91A-6317F7661C1E}
	EndGlobalSection
EndGlobal
